
Microsoft Visual Studio Solution File, Format Version 12.00
# Visual Studio Version 17
VisualStudioVersion = 17.8.34525.116
MinimumVisualStudioVersion = 10.0.40219.1
Project("{FAE04EC0-301F-11D3-BF4B-00C04F79EFBC}") = "api-de-verdade", "api-de-verdade.csproj", "{FBBD65A6-5D01-4B61-B195-FEA75F3BF38F}"
EndProject
Global
	GlobalSection(SolutionConfigurationPlatforms) = preSolution
		Debug|Any CPU = Debug|Any CPU
		Release|Any CPU = Release|Any CPU
	EndGlobalSection
	GlobalSection(ProjectConfigurationPlatforms) = postSolution
		{FBBD65A6-5D01-4B61-B195-FEA75F3BF38F}.Debug|Any CPU.ActiveCfg = Debug|Any CPU
		{FBBD65A6-5D01-4B61-B195-FEA75F3BF38F}.Debug|Any CPU.Build.0 = Debug|Any CPU
		{FBBD65A6-5D01-4B61-B195-FEA75F3BF38F}.Release|Any CPU.ActiveCfg = Release|Any CPU
		{FBBD65A6-5D01-4B61-B195-FEA75F3BF38F}.Release|Any CPU.Build.0 = Release|Any CPU
	EndGlobalSection
	GlobalSection(SolutionProperties) = preSolution
		HideSolutionNode = FALSE
	EndGlobalSection
	GlobalSection(ExtensibilityGlobals) = postSolution
		SolutionGuid = {1CC25F90-7AE3-4DEE-ADFE-03E72C9469DB}
	EndGlobalSection
EndGlobal
